
Microsoft Visual Studio Solution File, Format Version 12.00
# Visual Studio Version 16
VisualStudioVersion = 16.0.29306.81
MinimumVisualStudioVersion = 10.0.40219.1
Project("{FAE04EC0-301F-11D3-BF4B-00C04F79EFBC}") = "AistWPF", "AistWPF\AistWPF.csproj", "{9AC04707-7F5E-42A7-AE6A-170FD109409E}"
EndProject
Project("{FAE04EC0-301F-11D3-BF4B-00C04F79EFBC}") = "CryptLibraryING", "..\..\CryptLibraryING\CryptLibraryING.csproj", "{E1BAA87F-B4D6-43E8-AE33-D015B8EC8046}"
EndProject
Project("{FAE04EC0-301F-11D3-BF4B-00C04F79EFBC}") = "HashDll", "HashDll\HashDll.csproj", "{7EDA24E8-E6AA-429D-8DC7-0AF94B81E971}"
EndProject
Global
	GlobalSection(SolutionConfigurationPlatforms) = preSolution
		Debug|Any CPU = Debug|Any CPU
		Release|Any CPU = Release|Any CPU
	EndGlobalSection
	GlobalSection(ProjectConfigurationPlatforms) = postSolution
		{9AC04707-7F5E-42A7-AE6A-170FD109409E}.Debug|Any CPU.ActiveCfg = Debug|Any CPU
		{9AC04707-7F5E-42A7-AE6A-170FD109409E}.Debug|Any CPU.Build.0 = Debug|Any CPU
		{9AC04707-7F5E-42A7-AE6A-170FD109409E}.Release|Any CPU.ActiveCfg = Release|Any CPU
		{9AC04707-7F5E-42A7-AE6A-170FD109409E}.Release|Any CPU.Build.0 = Release|Any CPU
		{E1BAA87F-B4D6-43E8-AE33-D015B8EC8046}.Debug|Any CPU.ActiveCfg = Debug|Any CPU
		{E1BAA87F-B4D6-43E8-AE33-D015B8EC8046}.Debug|Any CPU.Build.0 = Debug|Any CPU
		{E1BAA87F-B4D6-43E8-AE33-D015B8EC8046}.Release|Any CPU.ActiveCfg = Release|Any CPU
		{E1BAA87F-B4D6-43E8-AE33-D015B8EC8046}.Release|Any CPU.Build.0 = Release|Any CPU
		{7EDA24E8-E6AA-429D-8DC7-0AF94B81E971}.Debug|Any CPU.ActiveCfg = Debug|Any CPU
		{7EDA24E8-E6AA-429D-8DC7-0AF94B81E971}.Debug|Any CPU.Build.0 = Debug|Any CPU
		{7EDA24E8-E6AA-429D-8DC7-0AF94B81E971}.Release|Any CPU.ActiveCfg = Release|Any CPU
		{7EDA24E8-E6AA-429D-8DC7-0AF94B81E971}.Release|Any CPU.Build.0 = Release|Any CPU
	EndGlobalSection
	GlobalSection(SolutionProperties) = preSolution
		HideSolutionNode = FALSE
	EndGlobalSection
	GlobalSection(ExtensibilityGlobals) = postSolution
		SolutionGuid = {4E54982B-B810-430F-BF1C-7351DDA34FC6}
	EndGlobalSection
EndGlobal
